// !$*UTF8*$!
{
	archiveVersion = 1;
	classes = {
	};
	objectVersion = 56;
	objects = {

/* Begin PBXBuildFile section */
		BB5F2E432B96649C00147B35 /* AppDelegate.swift in Sources */ = {isa = PBXBuildFile; fileRef = BB5F2E422B96649C00147B35 /* AppDelegate.swift */; };
		BB5F2E452B96649C00147B35 /* SceneDelegate.swift in Sources */ = {isa = PBXBuildFile; fileRef = BB5F2E442B96649C00147B35 /* SceneDelegate.swift */; };
		BB5F2E472B96649C00147B35 /* QuestionViewController.swift in Sources */ = {isa = PBXBuildFile; fileRef = BB5F2E462B96649C00147B35 /* QuestionViewController.swift */; };
		BB5F2E4A2B96649C00147B35 /* Main.storyboard in Resources */ = {isa = PBXBuildFile; fileRef = BB5F2E482B96649C00147B35 /* Main.storyboard */; };
		BB5F2E5D2B966A6900147B35 /* Question.swift in Sources */ = {isa = PBXBuildFile; fileRef = BB5F2E5C2B966A6900147B35 /* Question.swift */; };
		BB5F2E5F2B966A9200147B35 /* QuestionGroup.swift in Sources */ = {isa = PBXBuildFile; fileRef = BB5F2E5E2B966A9200147B35 /* QuestionGroup.swift */; };
		BB5F2E612B966AFF00147B35 /* QuestionGroupData.swift in Sources */ = {isa = PBXBuildFile; fileRef = BB5F2E602B966AFF00147B35 /* QuestionGroupData.swift */; };
		BB5F2E632B966B6E00147B35 /* Assets.xcassets in Resources */ = {isa = PBXBuildFile; fileRef = BB5F2E622B966B6E00147B35 /* Assets.xcassets */; };
		BB5F2E652B966BBF00147B35 /* LaunchScreen.storyboard in Resources */ = {isa = PBXBuildFile; fileRef = BB5F2E642B966BBF00147B35 /* LaunchScreen.storyboard */; };
		BB5F2E672B96700000147B35 /* QuestionView.swift in Sources */ = {isa = PBXBuildFile; fileRef = BB5F2E662B96700000147B35 /* QuestionView.swift */; };
/* End PBXBuildFile section */

/* Begin PBXFileReference section */
		BB5F2E3F2B96649C00147B35 /* Rabble Wabble.app */ = {isa = PBXFileReference; explicitFileType = wrapper.application; includeInIndex = 0; path = "Rabble Wabble.app"; sourceTree = BUILT_PRODUCTS_DIR; };
		BB5F2E422B96649C00147B35 /* AppDelegate.swift */ = {isa = PBXFileReference; lastKnownFileType = sourcecode.swift; path = AppDelegate.swift; sourceTree = "<group>"; };
		BB5F2E442B96649C00147B35 /* SceneDelegate.swift */ = {isa = PBXFileReference; lastKnownFileType = sourcecode.swift; path = SceneDelegate.swift; sourceTree = "<group>"; };
		BB5F2E462B96649C00147B35 /* QuestionViewController.swift */ = {isa = PBXFileReference; lastKnownFileType = sourcecode.swift; path = QuestionViewController.swift; sourceTree = "<group>"; };
		BB5F2E492B96649C00147B35 /* Base */ = {isa = PBXFileReference; lastKnownFileType = file.storyboard; name = Base; path = Base.lproj/Main.storyboard; sourceTree = "<group>"; };
		BB5F2E502B96649D00147B35 /* Info.plist */ = {isa = PBXFileReference; lastKnownFileType = text.plist.xml; path = Info.plist; sourceTree = "<group>"; };
		BB5F2E5C2B966A6900147B35 /* Question.swift */ = {isa = PBXFileReference; lastKnownFileType = sourcecode.swift; path = Question.swift; sourceTree = "<group>"; };
		BB5F2E5E2B966A9200147B35 /* QuestionGroup.swift */ = {isa = PBXFileReference; lastKnownFileType = sourcecode.swift; path = QuestionGroup.swift; sourceTree = "<group>"; };
		BB5F2E602B966AFF00147B35 /* QuestionGroupData.swift */ = {isa = PBXFileReference; fileEncoding = 4; lastKnownFileType = sourcecode.swift; name = QuestionGroupData.swift; path = ../../../projects/resources/QuestionGroupData.swift; sourceTree = "<group>"; };
		BB5F2E622B966B6E00147B35 /* Assets.xcassets */ = {isa = PBXFileReference; lastKnownFileType = folder.assetcatalog; name = Assets.xcassets; path = ../../../projects/resources/Assets.xcassets; sourceTree = "<group>"; };
		BB5F2E642B966BBF00147B35 /* LaunchScreen.storyboard */ = {isa = PBXFileReference; fileEncoding = 4; lastKnownFileType = file.storyboard; name = LaunchScreen.storyboard; path = ../../../projects/resources/LaunchScreen.storyboard; sourceTree = "<group>"; };
		BB5F2E662B96700000147B35 /* QuestionView.swift */ = {isa = PBXFileReference; lastKnownFileType = sourcecode.swift; path = QuestionView.swift; sourceTree = "<group>"; };
/* End PBXFileReference section */

/* Begin PBXFrameworksBuildPhase section */
		BB5F2E3C2B96649C00147B35 /* Frameworks */ = {
			isa = PBXFrameworksBuildPhase;
			buildActionMask = 2147483647;
			files = (
			);
			runOnlyForDeploymentPostprocessing = 0;
		};
/* End PBXFrameworksBuildPhase section */

/* Begin PBXGroup section */
		BB5F2E362B96649C00147B35 = {
			isa = PBXGroup;
			children = (
				BB5F2E412B96649C00147B35 /* Rabble Wabble */,
				BB5F2E402B96649C00147B35 /* Products */,
			);
			sourceTree = "<group>";
		};
		BB5F2E402B96649C00147B35 /* Products */ = {
			isa = PBXGroup;
			children = (
				BB5F2E3F2B96649C00147B35 /* Rabble Wabble.app */,
			);
			name = Products;
			sourceTree = "<group>";
		};
		BB5F2E412B96649C00147B35 /* Rabble Wabble */ = {
			isa = PBXGroup;
			children = (
				BB5F2E562B96681E00147B35 /* AppDelegate */,
				BB5F2E582B96685800147B35 /* Models */,
				BB5F2E592B96685C00147B35 /* Views */,
				BB5F2E572B96685000147B35 /* Controllers */,
				BB5F2E5A2B96686300147B35 /* Resources */,
			);
			path = "Rabble Wabble";
			sourceTree = "<group>";
		};
		BB5F2E562B96681E00147B35 /* AppDelegate */ = {
			isa = PBXGroup;
			children = (
				BB5F2E422B96649C00147B35 /* AppDelegate.swift */,
				BB5F2E442B96649C00147B35 /* SceneDelegate.swift */,
			);
			path = AppDelegate;
			sourceTree = "<group>";
		};
		BB5F2E572B96685000147B35 /* Controllers */ = {
			isa = PBXGroup;
			children = (
				BB5F2E462B96649C00147B35 /* QuestionViewController.swift */,
			);
			path = Controllers;
			sourceTree = "<group>";
		};
		BB5F2E582B96685800147B35 /* Models */ = {
			isa = PBXGroup;
			children = (
				BB5F2E5C2B966A6900147B35 /* Question.swift */,
				BB5F2E5E2B966A9200147B35 /* QuestionGroup.swift */,
				BB5F2E602B966AFF00147B35 /* QuestionGroupData.swift */,
			);
			path = Models;
			sourceTree = "<group>";
		};
		BB5F2E592B96685C00147B35 /* Views */ = {
			isa = PBXGroup;
			children = (
				BB5F2E482B96649C00147B35 /* Main.storyboard */,
				BB5F2E642B966BBF00147B35 /* LaunchScreen.storyboard */,
				BB5F2E662B96700000147B35 /* QuestionView.swift */,
			);
			path = Views;
			sourceTree = "<group>";
		};
		BB5F2E5A2B96686300147B35 /* Resources */ = {
			isa = PBXGroup;
			children = (
				BB5F2E502B96649D00147B35 /* Info.plist */,
				BB5F2E622B966B6E00147B35 /* Assets.xcassets */,
			);
			path = Resources;
			sourceTree = "<group>";
		};
/* End PBXGroup section */

/* Begin PBXNativeTarget section */
		BB5F2E3E2B96649C00147B35 /* Rabble Wabble */ = {
			isa = PBXNativeTarget;
			buildConfigurationList = BB5F2E532B96649D00147B35 /* Build configuration list for PBXNativeTarget "Rabble Wabble" */;
			buildPhases = (
				BB5F2E3B2B96649C00147B35 /* Sources */,
				BB5F2E3C2B96649C00147B35 /* Frameworks */,
				BB5F2E3D2B96649C00147B35 /* Resources */,
			);
			buildRules = (
			);
			dependencies = (
			);
			name = "Rabble Wabble";
			productName = "Rabble Wabble";
			productReference = BB5F2E3F2B96649C00147B35 /* Rabble Wabble.app */;
			productType = "com.apple.product-type.application";
		};
/* End PBXNativeTarget section */

/* Begin PBXProject section */
		BB5F2E372B96649C00147B35 /* Project object */ = {
			isa = PBXProject;
			attributes = {
				BuildIndependentTargetsInParallel = 1;
				LastSwiftUpdateCheck = 1520;
				LastUpgradeCheck = 1520;
				TargetAttributes = {
					BB5F2E3E2B96649C00147B35 = {
						CreatedOnToolsVersion = 15.2;
					};
				};
			};
			buildConfigurationList = BB5F2E3A2B96649C00147B35 /* Build configuration list for PBXProject "Rabble Wabble" */;
			compatibilityVersion = "Xcode 14.0";
			developmentRegion = en;
			hasScannedForEncodings = 0;
			knownRegions = (
				en,
				Base,
			);
			mainGroup = BB5F2E362B96649C00147B35;
			productRefGroup = BB5F2E402B96649C00147B35 /* Products */;
			projectDirPath = "";
			projectRoot = "";
			targets = (
				BB5F2E3E2B96649C00147B35 /* Rabble Wabble */,
			);
		};
/* End PBXProject section */

/* Begin PBXResourcesBuildPhase section */
		BB5F2E3D2B96649C00147B35 /* Resources */ = {
			isa = PBXResourcesBuildPhase;
			buildActionMask = 2147483647;
			files = (
				BB5F2E652B966BBF00147B35 /* LaunchScreen.storyboard in Resources */,
				BB5F2E632B966B6E00147B35 /* Assets.xcassets in Resources */,
				BB5F2E4A2B96649C00147B35 /* Main.storyboard in Resources */,
			);
			runOnlyForDeploymentPostprocessing = 0;
		};
/* End PBXResourcesBuildPhase section */

/* Begin PBXSourcesBuildPhase section */
		BB5F2E3B2B96649C00147B35 /* Sources */ = {
			isa = PBXSourcesBuildPhase;
			buildActionMask = 2147483647;
			files = (
				BB5F2E472B96649C00147B35 /* QuestionViewController.swift in Sources */,
				BB5F2E5D2B966A6900147B35 /* Question.swift in Sources */,
				BB5F2E432B96649C00147B35 /* AppDelegate.swift in Sources */,
				BB5F2E672B96700000147B35 /* QuestionView.swift in Sources */,
				BB5F2E612B966AFF00147B35 /* QuestionGroupData.swift in Sources */,
				BB5F2E5F2B966A9200147B35 /* QuestionGroup.swift in Sources */,
				BB5F2E452B96649C00147B35 /* SceneDelegate.swift in Sources */,
			);
			runOnlyForDeploymentPostprocessing = 0;
		};
/* End PBXSourcesBuildPhase section */

/* Begin PBXVariantGroup section */
		BB5F2E482B96649C00147B35 /* Main.storyboard */ = {
			isa = PBXVariantGroup;
			children = (
				BB5F2E492B96649C00147B35 /* Base */,
			);
			name = Main.storyboard;
			sourceTree = "<group>";
		};
/* End PBXVariantGroup section */

/* Begin XCBuildConfiguration section */
		BB5F2E512B96649D00147B35 /* Debug */ = {
			isa = XCBuildConfiguration;
			buildSettings = {
				ALWAYS_SEARCH_USER_PATHS = NO;
				ASSETCATALOG_COMPILER_GENERATE_SWIFT_ASSET_SYMBOL_EXTENSIONS = YES;
				CLANG_ANALYZER_NONNULL = YES;
				CLANG_ANALYZER_NUMBER_OBJECT_CONVERSION = YES_AGGRESSIVE;
				CLANG_CXX_LANGUAGE_STANDARD = "gnu++20";
				CLANG_ENABLE_MODULES = YES;
				CLANG_ENABLE_OBJC_ARC = YES;
				CLANG_ENABLE_OBJC_WEAK = YES;
				CLANG_WARN_BLOCK_CAPTURE_AUTORELEASING = YES;
				CLANG_WARN_BOOL_CONVERSION = YES;
				CLANG_WARN_COMMA = YES;
				CLANG_WARN_CONSTANT_CONVERSION = YES;
				CLANG_WARN_DEPRECATED_OBJC_IMPLEMENTATIONS = YES;
				CLANG_WARN_DIRECT_OBJC_ISA_USAGE = YES_ERROR;
				CLANG_WARN_DOCUMENTATION_COMMENTS = YES;
				CLANG_WARN_EMPTY_BODY = YES;
				CLANG_WARN_ENUM_CONVERSION = YES;
				CLANG_WARN_INFINITE_RECURSION = YES;
				CLANG_WARN_INT_CONVERSION = YES;
				CLANG_WARN_NON_LITERAL_NULL_CONVERSION = YES;
				CLANG_WARN_OBJC_IMPLICIT_RETAIN_SELF = YES;
				CLANG_WARN_OBJC_LITERAL_CONVERSION = YES;
				CLANG_WARN_OBJC_ROOT_CLASS = YES_ERROR;
				CLANG_WARN_QUOTED_INCLUDE_IN_FRAMEWORK_HEADER = YES;
				CLANG_WARN_RANGE_LOOP_ANALYSIS = YES;
				CLANG_WARN_STRICT_PROTOTYPES = YES;
				CLANG_WARN_SUSPICIOUS_MOVE = YES;
				CLANG_WARN_UNGUARDED_AVAILABILITY = YES_AGGRESSIVE;
				CLANG_WARN_UNREACHABLE_CODE = YES;
				CLANG_WARN__DUPLICATE_METHOD_MATCH = YES;
				COPY_PHASE_STRIP = NO;
				DEBUG_INFORMATION_FORMAT = dwarf;
				ENABLE_STRICT_OBJC_MSGSEND = YES;
				ENABLE_TESTABILITY = YES;
				ENABLE_USER_SCRIPT_SANDBOXING = YES;
				GCC_C_LANGUAGE_STANDARD = gnu17;
				GCC_DYNAMIC_NO_PIC = NO;
				GCC_NO_COMMON_BLOCKS = YES;
				GCC_OPTIMIZATION_LEVEL = 0;
				GCC_PREPROCESSOR_DEFINITIONS = (
					"DEBUG=1",
					"$(inherited)",
				);
				GCC_WARN_64_TO_32_BIT_CONVERSION = YES;
				GCC_WARN_ABOUT_RETURN_TYPE = YES_ERROR;
				GCC_WARN_UNDECLARED_SELECTOR = YES;
				GCC_WARN_UNINITIALIZED_AUTOS = YES_AGGRESSIVE;
				GCC_WARN_UNUSED_FUNCTION = YES;
				GCC_WARN_UNUSED_VARIABLE = YES;
				INFOPLIST_FILE = "";
				IPHONEOS_DEPLOYMENT_TARGET = 17.2;
				LOCALIZATION_PREFERS_STRING_CATALOGS = YES;
				MTL_ENABLE_DEBUG_INFO = INCLUDE_SOURCE;
				MTL_FAST_MATH = YES;
				ONLY_ACTIVE_ARCH = YES;
				SDKROOT = iphoneos;
				SWIFT_ACTIVE_COMPILATION_CONDITIONS = "DEBUG $(inherited)";
				SWIFT_OPTIMIZATION_LEVEL = "-Onone";
			};
			name = Debug;
		};
		BB5F2E522B96649D00147B35 /* Release */ = {
			isa = XCBuildConfiguration;
			buildSettings = {
				ALWAYS_SEARCH_USER_PATHS = NO;
				ASSETCATALOG_COMPILER_GENERATE_SWIFT_ASSET_SYMBOL_EXTENSIONS = YES;
				CLANG_ANALYZER_NONNULL = YES;
				CLANG_ANALYZER_NUMBER_OBJECT_CONVERSION = YES_AGGRESSIVE;
				CLANG_CXX_LANGUAGE_STANDARD = "gnu++20";
				CLANG_ENABLE_MODULES = YES;
				CLANG_ENABLE_OBJC_ARC = YES;
				CLANG_ENABLE_OBJC_WEAK = YES;
				CLANG_WARN_BLOCK_CAPTURE_AUTORELEASING = YES;
				CLANG_WARN_BOOL_CONVERSION = YES;
				CLANG_WARN_COMMA = YES;
				CLANG_WARN_CONSTANT_CONVERSION = YES;
				CLANG_WARN_DEPRECATED_OBJC_IMPLEMENTATIONS = YES;
				CLANG_WARN_DIRECT_OBJC_ISA_USAGE = YES_ERROR;
				CLANG_WARN_DOCUMENTATION_COMMENTS = YES;
				CLANG_WARN_EMPTY_BODY = YES;
				CLANG_WARN_ENUM_CONVERSION = YES;
				CLANG_WARN_INFINITE_RECURSION = YES;
				CLANG_WARN_INT_CONVERSION = YES;
				CLANG_WARN_NON_LITERAL_NULL_CONVERSION = YES;
				CLANG_WARN_OBJC_IMPLICIT_RETAIN_SELF = YES;
				CLANG_WARN_OBJC_LITERAL_CONVERSION = YES;
				CLANG_WARN_OBJC_ROOT_CLASS = YES_ERROR;
				CLANG_WARN_QUOTED_INCLUDE_IN_FRAMEWORK_HEADER = YES;
				CLANG_WARN_RANGE_LOOP_ANALYSIS = YES;
				CLANG_WARN_STRICT_PROTOTYPES = YES;
				CLANG_WARN_SUSPICIOUS_MOVE = YES;
				CLANG_WARN_UNGUARDED_AVAILABILITY = YES_AGGRESSIVE;
				CLANG_WARN_UNREACHABLE_CODE = YES;
				CLANG_WARN__DUPLICATE_METHOD_MATCH = YES;
				COPY_PHASE_STRIP = NO;
				DEBUG_INFORMATION_FORMAT = "dwarf-with-dsym";
				ENABLE_NS_ASSERTIONS = NO;
				ENABLE_STRICT_OBJC_MSGSEND = YES;
				ENABLE_USER_SCRIPT_SANDBOXING = YES;
				GCC_C_LANGUAGE_STANDARD = gnu17;
				GCC_NO_COMMON_BLOCKS = YES;
				GCC_WARN_64_TO_32_BIT_CONVERSION = YES;
				GCC_WARN_ABOUT_RETURN_TYPE = YES_ERROR;
				GCC_WARN_UNDECLARED_SELECTOR = YES;
				GCC_WARN_UNINITIALIZED_AUTOS = YES_AGGRESSIVE;
				GCC_WARN_UNUSED_FUNCTION = YES;
				GCC_WARN_UNUSED_VARIABLE = YES;
				INFOPLIST_FILE = "";
				IPHONEOS_DEPLOYMENT_TARGET = 17.2;
				LOCALIZATION_PREFERS_STRING_CATALOGS = YES;
				MTL_ENABLE_DEBUG_INFO = NO;
				MTL_FAST_MATH = YES;
				SDKROOT = iphoneos;
				SWIFT_COMPILATION_MODE = wholemodule;
				VALIDATE_PRODUCT = YES;
			};
			name = Release;
		};
		BB5F2E542B96649D00147B35 /* Debug */ = {
			isa = XCBuildConfiguration;
			buildSettings = {
				ASSETCATALOG_COMPILER_APPICON_NAME = AppIcon;
				ASSETCATALOG_COMPILER_GLOBAL_ACCENT_COLOR_NAME = AccentColor;
				CODE_SIGN_STYLE = Automatic;
				CURRENT_PROJECT_VERSION = 1;
				DEVELOPMENT_TEAM = 4F4P935HBL;
				GENERATE_INFOPLIST_FILE = YES;
				INFOPLIST_FILE = "Rabble Wabble/Resources/Info.plist";
				INFOPLIST_KEY_UIApplicationSupportsIndirectInputEvents = YES;
				INFOPLIST_KEY_UILaunchStoryboardName = LaunchScreen;
				INFOPLIST_KEY_UIMainStoryboardFile = Main;
				INFOPLIST_KEY_UISupportedInterfaceOrientations_iPad = "UIInterfaceOrientationPortrait UIInterfaceOrientationPortraitUpsideDown UIInterfaceOrientationLandscapeLeft UIInterfaceOrientationLandscapeRight";
				INFOPLIST_KEY_UISupportedInterfaceOrientations_iPhone = "UIInterfaceOrientationPortrait UIInterfaceOrientationLandscapeLeft UIInterfaceOrientationLandscapeRight";
				LD_RUNPATH_SEARCH_PATHS = (
					"$(inherited)",
					"@executable_path/Frameworks",
				);
				MARKETING_VERSION = 1.0;
				PRODUCT_BUNDLE_IDENTIFIER = "mvaccaro.Rabble-Wabble";
				PRODUCT_NAME = "$(TARGET_NAME)";
				SWIFT_EMIT_LOC_STRINGS = YES;
				SWIFT_VERSION = 5.0;
				TARGETED_DEVICE_FAMILY = "1,2";
			};
			name = Debug;
		};
		BB5F2E552B96649D00147B35 /* Release */ = {
			isa = XCBuildConfiguration;
			buildSettings = {
				ASSETCATALOG_COMPILER_APPICON_NAME = AppIcon;
				ASSETCATALOG_COMPILER_GLOBAL_ACCENT_COLOR_NAME = AccentColor;
				CODE_SIGN_STYLE = Automatic;
				CURRENT_PROJECT_VERSION = 1;
				DEVELOPMENT_TEAM = 4F4P935HBL;
				GENERATE_INFOPLIST_FILE = YES;
				INFOPLIST_FILE = "Rabble Wabble/Resources/Info.plist";
				INFOPLIST_KEY_UIApplicationSupportsIndirectInputEvents = YES;
				INFOPLIST_KEY_UILaunchStoryboardName = LaunchScreen;
				INFOPLIST_KEY_UIMainStoryboardFile = Main;
				INFOPLIST_KEY_UISupportedInterfaceOrientations_iPad = "UIInterfaceOrientationPortrait UIInterfaceOrientationPortraitUpsideDown UIInterfaceOrientationLandscapeLeft UIInterfaceOrientationLandscapeRight";
				INFOPLIST_KEY_UISupportedInterfaceOrientations_iPhone = "UIInterfaceOrientationPortrait UIInterfaceOrientationLandscapeLeft UIInterfaceOrientationLandscapeRight";
				LD_RUNPATH_SEARCH_PATHS = (
					"$(inherited)",
					"@executable_path/Frameworks",
				);
				MARKETING_VERSION = 1.0;
				PRODUCT_BUNDLE_IDENTIFIER = "mvaccaro.Rabble-Wabble";
				PRODUCT_NAME = "$(TARGET_NAME)";
				SWIFT_EMIT_LOC_STRINGS = YES;
				SWIFT_VERSION = 5.0;
				TARGETED_DEVICE_FAMILY = "1,2";
			};
			name = Release;
		};
/* End XCBuildConfiguration section */

/* Begin XCConfigurationList section */
		BB5F2E3A2B96649C00147B35 /* Build configuration list for PBXProject "Rabble Wabble" */ = {
			isa = XCConfigurationList;
			buildConfigurations = (
				BB5F2E512B96649D00147B35 /* Debug */,
				BB5F2E522B96649D00147B35 /* Release */,
			);
			defaultConfigurationIsVisible = 0;
			defaultConfigurationName = Release;
		};
		BB5F2E532B96649D00147B35 /* Build configuration list for PBXNativeTarget "Rabble Wabble" */ = {
			isa = XCConfigurationList;
			buildConfigurations = (
				BB5F2E542B96649D00147B35 /* Debug */,
				BB5F2E552B96649D00147B35 /* Release */,
			);
			defaultConfigurationIsVisible = 0;
			defaultConfigurationName = Release;
		};
/* End XCConfigurationList section */
	};
	rootObject = BB5F2E372B96649C00147B35 /* Project object */;
}
